{
  "name": "mat-dynamic-form",
  "version": "1.4.8",
  "lockfileVersion": 1,
  "requires": true,
  "dependencies": {
    "bootstrap": {
      "version": "4.6.0",
      "resolved": "https://registry.npmjs.org/bootstrap/-/bootstrap-4.6.0.tgz",
      "integrity": "sha512-Io55IuQY3kydzHtbGvQya3H+KorS/M9rSNyfCGCg9WZ4pyT/lCxIlpJgG1GXW/PswzC84Tr2fBYi+7+jFVQQBw=="
    },
    "ngx-material-file-input": {
      "version": "2.1.1",
      "resolved": "https://registry.npmjs.org/ngx-material-file-input/-/ngx-material-file-input-2.1.1.tgz",
      "integrity": "sha512-FbaIjiJnL6BZtZYWLvMSn9aSaM62AZaJegloTUphmLz5jopXPzE5W+3aC+dsf9h1IIqHSCLcyv0w+qH0ypBhMA=="
    },
    "tslib": {
      "version": "2.1.0",
      "resolved": "https://registry.npmjs.org/tslib/-/tslib-2.1.0.tgz",
      "integrity": "sha512-hcVC3wYEziELGGmEEXue7D75zbwIIVUMWAVbHItGPx0ziyXxrOMQx4rQEVEV45Ut/1IotuEvwqPopzIOkDMf0A=="
    }
  }
}